
Microsoft Visual Studio Solution File, Format Version 12.00
# Visual Studio 15
VisualStudioVersion = 15.0.28307.106
MinimumVisualStudioVersion = 10.0.40219.1
Project("{8BC9CEB8-8B4A-11D0-8D11-00A0C91BC942}") = "AssociationAnalysis", "AssociationAnalysis\AssociationAnalysis.vcxproj", "{719AF033-EA46-435B-B013-C21543245D2B}"
EndProject
Global
	GlobalSection(SolutionConfigurationPlatforms) = preSolution
		Debug|x64 = Debug|x64
		Debug|x86 = Debug|x86
		Release|x64 = Release|x64
		Release|x86 = Release|x86
	EndGlobalSection
	GlobalSection(ProjectConfigurationPlatforms) = postSolution
		{719AF033-EA46-435B-B013-C21543245D2B}.Debug|x64.ActiveCfg = Debug|x64
		{719AF033-EA46-435B-B013-C21543245D2B}.Debug|x64.Build.0 = Debug|x64
		{719AF033-EA46-435B-B013-C21543245D2B}.Debug|x86.ActiveCfg = Debug|Win32
		{719AF033-EA46-435B-B013-C21543245D2B}.Debug|x86.Build.0 = Debug|Win32
		{719AF033-EA46-435B-B013-C21543245D2B}.Release|x64.ActiveCfg = Release|x64
		{719AF033-EA46-435B-B013-C21543245D2B}.Release|x64.Build.0 = Release|x64
		{719AF033-EA46-435B-B013-C21543245D2B}.Release|x86.ActiveCfg = Release|Win32
		{719AF033-EA46-435B-B013-C21543245D2B}.Release|x86.Build.0 = Release|Win32
	EndGlobalSection
	GlobalSection(SolutionProperties) = preSolution
		HideSolutionNode = FALSE
	EndGlobalSection
	GlobalSection(ExtensibilityGlobals) = postSolution
		SolutionGuid = {1BE0EF08-DFED-42E0-8AD9-10550F3FE7D2}
	EndGlobalSection
EndGlobal
